
Microsoft Visual Studio Solution File, Format Version 12.00
# Visual Studio Version 16
VisualStudioVersion = 16.0.31515.178
MinimumVisualStudioVersion = 10.0.40219.1
Project("{9A19103F-16F7-4668-BE54-9A1E7A4F7556}") = "DoAnTotNghiep_API", "DoAnTotNghiep_API\DoAnTotNghiep_API.csproj", "{1B7AF4FD-B024-4DA9-9F81-4B9E4C861328}"
EndProject
Project("{FAE04EC0-301F-11D3-BF4B-00C04F79EFBC}") = "DoAnTotNghiep_REPOSITORY", "DoAnTotNghiep_REPOSITORY\DoAnTotNghiep_REPOSITORY.csproj", "{A396AB7A-67DC-401F-BB1B-691F549439E5}"
EndProject
Project("{FAE04EC0-301F-11D3-BF4B-00C04F79EFBC}") = "DoAnTotNghiep_CORE", "DoAnTotNghiep_CORE\DoAnTotNghiep_CORE.csproj", "{94927677-53EE-4E1F-8756-DA72B2634B96}"
EndProject
Global
	GlobalSection(SolutionConfigurationPlatforms) = preSolution
		Debug|Any CPU = Debug|Any CPU
		Release|Any CPU = Release|Any CPU
	EndGlobalSection
	GlobalSection(ProjectConfigurationPlatforms) = postSolution
		{1B7AF4FD-B024-4DA9-9F81-4B9E4C861328}.Debug|Any CPU.ActiveCfg = Debug|Any CPU
		{1B7AF4FD-B024-4DA9-9F81-4B9E4C861328}.Debug|Any CPU.Build.0 = Debug|Any CPU
		{1B7AF4FD-B024-4DA9-9F81-4B9E4C861328}.Release|Any CPU.ActiveCfg = Release|Any CPU
		{1B7AF4FD-B024-4DA9-9F81-4B9E4C861328}.Release|Any CPU.Build.0 = Release|Any CPU
		{A396AB7A-67DC-401F-BB1B-691F549439E5}.Debug|Any CPU.ActiveCfg = Debug|Any CPU
		{A396AB7A-67DC-401F-BB1B-691F549439E5}.Debug|Any CPU.Build.0 = Debug|Any CPU
		{A396AB7A-67DC-401F-BB1B-691F549439E5}.Release|Any CPU.ActiveCfg = Release|Any CPU
		{A396AB7A-67DC-401F-BB1B-691F549439E5}.Release|Any CPU.Build.0 = Release|Any CPU
		{94927677-53EE-4E1F-8756-DA72B2634B96}.Debug|Any CPU.ActiveCfg = Debug|Any CPU
		{94927677-53EE-4E1F-8756-DA72B2634B96}.Debug|Any CPU.Build.0 = Debug|Any CPU
		{94927677-53EE-4E1F-8756-DA72B2634B96}.Release|Any CPU.ActiveCfg = Release|Any CPU
		{94927677-53EE-4E1F-8756-DA72B2634B96}.Release|Any CPU.Build.0 = Release|Any CPU
	EndGlobalSection
	GlobalSection(SolutionProperties) = preSolution
		HideSolutionNode = FALSE
	EndGlobalSection
	GlobalSection(ExtensibilityGlobals) = postSolution
		SolutionGuid = {24419353-DA01-4D2A-AF2C-F17E0093B0A1}
	EndGlobalSection
EndGlobal
